lockfileVersion: '9.0'

settings:
  autoInstallPeers: true
  excludeLinksFromLockfile: false

importers:

  .:
    dependencies:
      '@tauri-apps/api':
        specifier: '>=2.0.0-beta.6'
        version: 2.9.0
    devDependencies:
      '@rollup/plugin-typescript':
        specifier: 12.3.0
        version: 12.3.0(rollup@4.53.1)(tslib@2.8.1)(typescript@5.9.3)
      rollup:
        specifier: 4.53.1
        version: 4.53.1
      tslib:
        specifier: 2.8.1
        version: 2.8.1
      typescript:
        specifier: 5.9.3
        version: 5.9.3

packages:

  '@rollup/plugin-typescript@12.3.0':
    resolution: {integrity: sha512-7DP0/p7y3t67+NabT9f8oTBFE6gGkto4SA6Np2oudYmZE/m1dt8RB0SjL1msMxFpLo631qjRCcBlAbq1ml/Big==}
    engines: {node: '>=14.0.0'}
    peerDependencies:
      rollup: ^2.14.0||^3.0.0||^4.0.0
      tslib: '*'
      typescript: '>=3.7.0'
    peerDependenciesMeta:
      rollup:
        optional: true
      tslib:
        optional: true

  '@rollup/pluginutils@5.1.4':
    resolution: {integrity: sha512-USm05zrsFxYLPdWWq+K3STlWiT/3ELn3RcV5hJMghpeAIhxfsUIg6mt12CBJBInWMV4VneoV7SfGv8xIwo2qNQ==}
    engines: {node: '>=14.0.0'}
    peerDependencies:
      rollup: ^1.20.0||^2.0.0||^3.0.0||^4.0.0
    peerDependenciesMeta:
      rollup:
        optional: true

  '@rollup/rollup-android-arm-eabi@4.53.1':
    resolution: {integrity: sha512-bxZtughE4VNVJlL1RdoSE545kc4JxL7op57KKoi59/gwuU5rV6jLWFXXc8jwgFoT6vtj+ZjO+Z2C5nrY0Cl6wA==}
    cpu: [arm]
    os: [android]

  '@rollup/rollup-android-arm64@4.53.1':
    resolution: {integrity: sha512-44a1hreb02cAAfAKmZfXVercPFaDjqXCK+iKeVOlJ9ltvnO6QqsBHgKVPTu+MJHSLLeMEUbeG2qiDYgbFPU48g==}
    cpu: [arm64]
    os: [android]

  '@rollup/rollup-darwin-arm64@4.53.1':
    resolution: {integrity: sha512-usmzIgD0rf1syoOZ2WZvy8YpXK5G1V3btm3QZddoGSa6mOgfXWkkv+642bfUUldomgrbiLQGrPryb7DXLovPWQ==}
    cpu: [arm64]
    os: [darwin]

  '@rollup/rollup-darwin-x64@4.53.1':
    resolution: {integrity: sha512-is3r/k4vig2Gt8mKtTlzzyaSQ+hd87kDxiN3uDSDwggJLUV56Umli6OoL+/YZa/KvtdrdyNfMKHzL/P4siOOmg==}
    cpu: [x64]
    os: [darwin]

  '@rollup/rollup-freebsd-arm64@4.53.1':
    resolution: {integrity: sha512-QJ1ksgp/bDJkZB4daldVmHaEQkG4r8PUXitCOC2WRmRaSaHx5RwPoI3DHVfXKwDkB+Sk6auFI/+JHacTekPRSw==}
    cpu: [arm64]
    os: [freebsd]

  '@rollup/rollup-freebsd-x64@4.53.1':
    resolution: {integrity: sha512-J6ma5xgAzvqsnU6a0+jgGX/gvoGokqpkx6zY4cWizRrm0ffhHDpJKQgC8dtDb3+MqfZDIqs64REbfHDMzxLMqQ==}
    cpu: [x64]
    os: [freebsd]

  '@rollup/rollup-linux-arm-gnueabihf@4.53.1':
    resolution: {integrity: sha512-JzWRR41o2U3/KMNKRuZNsDUAcAVUYhsPuMlx5RUldw0E4lvSIXFUwejtYz1HJXohUmqs/M6BBJAUBzKXZVddbg==}
    cpu: [arm]
    os: [linux]

  '@rollup/rollup-linux-arm-musleabihf@4.53.1':
    resolution: {integrity: sha512-L8kRIrnfMrEoHLHtHn+4uYA52fiLDEDyezgxZtGUTiII/yb04Krq+vk3P2Try+Vya9LeCE9ZHU8CXD6J9EhzHQ==}
    cpu: [arm]
    os: [linux]

  '@rollup/rollup-linux-arm64-gnu@4.53.1':
    resolution: {integrity: sha512-ysAc0MFRV+WtQ8li8hi3EoFi7us6d1UzaS/+Dp7FYZfg3NdDljGMoVyiIp6Ucz7uhlYDBZ/zt6XI0YEZbUO11Q==}
    cpu: [arm64]
    os: [linux]

  '@rollup/rollup-linux-arm64-musl@4.53.1':
    resolution: {integrity: sha512-UV6l9MJpDbDZZ/fJvqNcvO1PcivGEf1AvKuTcHoLjVZVFeAMygnamCTDikCVMRnA+qJe+B3pSbgX2+lBMqgBhA==}
    cpu: [arm64]
    os: [linux]

  '@rollup/rollup-linux-loong64-gnu@4.53.1':
    resolution: {integrity: sha512-UDUtelEprkA85g95Q+nj3Xf0M4hHa4DiJ+3P3h4BuGliY4NReYYqwlc0Y8ICLjN4+uIgCEvaygYlpf0hUj90Yg==}
    cpu: [loong64]
    os: [linux]

  '@rollup/rollup-linux-ppc64-gnu@4.53.1':
    resolution: {integrity: sha512-vrRn+BYhEtNOte/zbc2wAUQReJXxEx2URfTol6OEfY2zFEUK92pkFBSXRylDM7aHi+YqEPJt9/ABYzmcrS4SgQ==}
    cpu: [ppc64]
    os: [linux]

  '@rollup/rollup-linux-riscv64-gnu@4.53.1':
    resolution: {integrity: sha512-gto/1CxHyi4A7YqZZNznQYrVlPSaodOBPKM+6xcDSCMVZN/Fzb4K+AIkNz/1yAYz9h3Ng+e2fY9H6bgawVq17w==}
    cpu: [riscv64]
    os: [linux]

  '@rollup/rollup-linux-riscv64-musl@4.53.1':
    resolution: {integrity: sha512-KZ6Vx7jAw3aLNjFR8eYVcQVdFa/cvBzDNRFM3z7XhNNunWjA03eUrEwJYPk0G8V7Gs08IThFKcAPS4WY/ybIrQ==}
    cpu: [riscv64]
    os: [linux]

  '@rollup/rollup-linux-s390x-gnu@4.53.1':
    resolution: {integrity: sha512-HvEixy2s/rWNgpwyKpXJcHmE7om1M89hxBTBi9Fs6zVuLU4gOrEMQNbNsN/tBVIMbLyysz/iwNiGtMOpLAOlvA==}
    cpu: [s390x]
    os: [linux]

  '@rollup/rollup-linux-x64-gnu@4.53.1':
    resolution: {integrity: sha512-E/n8x2MSjAQgjj9IixO4UeEUeqXLtiA7pyoXCFYLuXpBA/t2hnbIdxHfA7kK9BFsYAoNU4st1rHYdldl8dTqGA==}
    cpu: [x64]
    os: [linux]

  '@rollup/rollup-linux-x64-musl@4.53.1':
    resolution: {integrity: sha512-IhJ087PbLOQXCN6Ui/3FUkI9pWNZe/Z7rEIVOzMsOs1/HSAECCvSZ7PkIbkNqL/AZn6WbZvnoVZw/qwqYMo4/w==}
    cpu: [x64]
    os: [linux]

  '@rollup/rollup-openharmony-arm64@4.53.1':
    resolution: {integrity: sha512-0++oPNgLJHBblreu0SFM7b3mAsBJBTY0Ksrmu9N6ZVrPiTkRgda52mWR7TKhHAsUb9noCjFvAw9l6ZO1yzaVbA==}
    cpu: [arm64]
    os: [openharmony]

  '@rollup/rollup-win32-arm64-msvc@4.53.1':
    resolution: {integrity: sha512-VJXivz61c5uVdbmitLkDlbcTk9Or43YC2QVLRkqp86QoeFSqI81bNgjhttqhKNMKnQMWnecOCm7lZz4s+WLGpQ==}
    cpu: [arm64]
    os: [win32]

  '@rollup/rollup-win32-ia32-msvc@4.53.1':
    resolution: {integrity: sha512-NmZPVTUOitCXUH6erJDzTQ/jotYw4CnkMDjCYRxNHVD9bNyfrGoIse684F9okwzKCV4AIHRbUkeTBc9F2OOH5Q==}
    cpu: [ia32]
    os: [win32]

  '@rollup/rollup-win32-x64-gnu@4.53.1':
    resolution: {integrity: sha512-2SNj7COIdAf6yliSpLdLG8BEsp5lgzRehgfkP0Av8zKfQFKku6JcvbobvHASPJu4f3BFxej5g+HuQPvqPhHvpQ==}
    cpu: [x64]
    os: [win32]

  '@rollup/rollup-win32-x64-msvc@4.53.1':
    resolution: {integrity: sha512-rLarc1Ofcs3DHtgSzFO31pZsCh8g05R2azN1q3fF+H423Co87My0R+tazOEvYVKXSLh8C4LerMK41/K7wlklcg==}
    cpu: [x64]
    os: [win32]

  '@tauri-apps/api@2.9.0':
    resolution: {integrity: sha512-qD5tMjh7utwBk9/5PrTA/aGr3i5QaJ/Mlt7p8NilQ45WgbifUNPyKWsA63iQ8YfQq6R8ajMapU+/Q8nMcPRLNw==}

  '@types/estree@1.0.8':
    resolution: {integrity: sha512-dWHzHa2WqEXI/O1E9OjrocMTKJl2mSrEolh1Iomrv6U+JuNwaHXsXx9bLu5gG7BUWFIN0skIQJQ/L1rIex4X6w==}

  estree-walker@2.0.2:
    resolution: {integrity: sha512-Rfkk/Mp/DL7JVje3u18FxFujQlTNR2q6QfMSMB7AvCBx91NGj/ba3kCfza0f6dVDbw7YlRf/nDrn7pQrCCyQ/w==}

  fsevents@2.3.3:
    resolution: {integrity: sha512-5xoDfX+fL7faATnagmWPpbFtwh/R77WmMMqqHGS65C3vvB0YHrgF+B1YmZ3441tMj5n63k0212XNoJwzlhffQw==}
    engines: {node: ^8.16.0 || ^10.6.0 || >=11.0.0}
    os: [darwin]

  function-bind@1.1.2:
    resolution: {integrity: sha512-7XHNxH7qX9xG5mIwxkhumTox/MIRNcOgDrxWsMt2pAr23WHp6MrRlN7FBSFpCpr+oVO0F744iUgR82nJMfG2SA==}

  hasown@2.0.2:
    resolution: {integrity: sha512-0hJU9SCPvmMzIBdZFqNPXWa6dqh7WdH0cII9y+CyS8rG3nL48Bclra9HmKhVVUHyPWNH5Y7xDwAB7bfgSjkUMQ==}
    engines: {node: '>= 0.4'}

  is-core-module@2.16.1:
    resolution: {integrity: sha512-UfoeMA6fIJ8wTYFEUjelnaGI67v6+N7qXJEvQuIGa99l4xsCruSYOVSQ0uPANn4dAzm8lkYPaKLrrijLq7x23w==}
    engines: {node: '>= 0.4'}

  path-parse@1.0.7:
    resolution: {integrity: sha512-LDJzPVEEEPR+y48z93A0Ed0yXb8pAByGWo/k5YYdYgpY2/2EsOsksJrq7lOHxryrVOn1ejG6oAp8ahvOIQD8sw==}

  picomatch@4.0.2:
    resolution: {integrity: sha512-M7BAV6Rlcy5u+m6oPhAPFgJTzAioX/6B0DxyvDlo9l8+T3nLKbrczg2WLUyzd45L8RqfUMyGPzekbMvX2Ldkwg==}
    engines: {node: '>=12'}

  resolve@1.22.10:
    resolution: {integrity: sha512-NPRy+/ncIMeDlTAsuqwKIiferiawhefFJtkNSW0qZJEqMEb+qBt/77B/jGeeek+F0uOeN05CDa6HXbbIgtVX4w==}
    engines: {node: '>= 0.4'}
    hasBin: true

  rollup@4.53.1:
    resolution: {integrity: sha512-n2I0V0lN3E9cxxMqBCT3opWOiQBzRN7UG60z/WDKqdX2zHUS/39lezBcsckZFsV6fUTSnfqI7kHf60jDAPGKug==}
    engines: {node: '>=18.0.0', npm: '>=8.0.0'}
    hasBin: true

  supports-preserve-symlinks-flag@1.0.0:
    resolution: {integrity: sha512-ot0WnXS9fgdkgIcePe6RHNk1WA8+muPa6cSjeR3V8K27q9BB1rTE3R1p7Hv0z1ZyAc8s6Vvv8DIyWf681MAt0w==}
    engines: {node: '>= 0.4'}

  tslib@2.8.1:
    resolution: {integrity: sha512-oJFu94HQb+KVduSUQL7wnpmqnfmLsOA/nAh6b6EH0wCEoK0/mPeXU6c3wKDV83MkOuHPRHtSXKKU99IBazS/2w==}

  typescript@5.9.3:
    resolution: {integrity: sha512-jl1vZzPDinLr9eUt3J/t7V6FgNEw9QjvBPdysz9KfQDD41fQrC2Y4vKQdiaUpFT4bXlb1RHhLpp8wtm6M5TgSw==}
    engines: {node: '>=14.17'}
    hasBin: true

snapshots:

  '@rollup/plugin-typescript@12.3.0(rollup@4.53.1)(tslib@2.8.1)(typescript@5.9.3)':
    dependencies:
      '@rollup/pluginutils': 5.1.4(rollup@4.53.1)
      resolve: 1.22.10
      typescript: 5.9.3
    optionalDependencies:
      rollup: 4.53.1
      tslib: 2.8.1

  '@rollup/pluginutils@5.1.4(rollup@4.53.1)':
    dependencies:
      '@types/estree': 1.0.8
      estree-walker: 2.0.2
      picomatch: 4.0.2
    optionalDependencies:
      rollup: 4.53.1

  '@rollup/rollup-android-arm-eabi@4.53.1':
    optional: true

  '@rollup/rollup-android-arm64@4.53.1':
    optional: true

  '@rollup/rollup-darwin-arm64@4.53.1':
    optional: true

  '@rollup/rollup-darwin-x64@4.53.1':
    optional: true

  '@rollup/rollup-freebsd-arm64@4.53.1':
    optional: true

  '@rollup/rollup-freebsd-x64@4.53.1':
    optional: true

  '@rollup/rollup-linux-arm-gnueabihf@4.53.1':
    optional: true

  '@rollup/rollup-linux-arm-musleabihf@4.53.1':
    optional: true

  '@rollup/rollup-linux-arm64-gnu@4.53.1':
    optional: true

  '@rollup/rollup-linux-arm64-musl@4.53.1':
    optional: true

  '@rollup/rollup-linux-loong64-gnu@4.53.1':
    optional: true

  '@rollup/rollup-linux-ppc64-gnu@4.53.1':
    optional: true

  '@rollup/rollup-linux-riscv64-gnu@4.53.1':
    optional: true

  '@rollup/rollup-linux-riscv64-musl@4.53.1':
    optional: true

  '@rollup/rollup-linux-s390x-gnu@4.53.1':
    optional: true

  '@rollup/rollup-linux-x64-gnu@4.53.1':
    optional: true

  '@rollup/rollup-linux-x64-musl@4.53.1':
    optional: true

  '@rollup/rollup-openharmony-arm64@4.53.1':
    optional: true

  '@rollup/rollup-win32-arm64-msvc@4.53.1':
    optional: true

  '@rollup/rollup-win32-ia32-msvc@4.53.1':
    optional: true

  '@rollup/rollup-win32-x64-gnu@4.53.1':
    optional: true

  '@rollup/rollup-win32-x64-msvc@4.53.1':
    optional: true

  '@tauri-apps/api@2.9.0': {}

  '@types/estree@1.0.8': {}

  estree-walker@2.0.2: {}

  fsevents@2.3.3:
    optional: true

  function-bind@1.1.2: {}

  hasown@2.0.2:
    dependencies:
      function-bind: 1.1.2

  is-core-module@2.16.1:
    dependencies:
      hasown: 2.0.2

  path-parse@1.0.7: {}

  picomatch@4.0.2: {}

  resolve@1.22.10:
    dependencies:
      is-core-module: 2.16.1
      path-parse: 1.0.7
      supports-preserve-symlinks-flag: 1.0.0

  rollup@4.53.1:
    dependencies:
      '@types/estree': 1.0.8
    optionalDependencies:
      '@rollup/rollup-android-arm-eabi': 4.53.1
      '@rollup/rollup-android-arm64': 4.53.1
      '@rollup/rollup-darwin-arm64': 4.53.1
      '@rollup/rollup-darwin-x64': 4.53.1
      '@rollup/rollup-freebsd-arm64': 4.53.1
      '@rollup/rollup-freebsd-x64': 4.53.1
      '@rollup/rollup-linux-arm-gnueabihf': 4.53.1
      '@rollup/rollup-linux-arm-musleabihf': 4.53.1
      '@rollup/rollup-linux-arm64-gnu': 4.53.1
      '@rollup/rollup-linux-arm64-musl': 4.53.1
      '@rollup/rollup-linux-loong64-gnu': 4.53.1
      '@rollup/rollup-linux-ppc64-gnu': 4.53.1
      '@rollup/rollup-linux-riscv64-gnu': 4.53.1
      '@rollup/rollup-linux-riscv64-musl': 4.53.1
      '@rollup/rollup-linux-s390x-gnu': 4.53.1
      '@rollup/rollup-linux-x64-gnu': 4.53.1
      '@rollup/rollup-linux-x64-musl': 4.53.1
      '@rollup/rollup-openharmony-arm64': 4.53.1
      '@rollup/rollup-win32-arm64-msvc': 4.53.1
      '@rollup/rollup-win32-ia32-msvc': 4.53.1
      '@rollup/rollup-win32-x64-gnu': 4.53.1
      '@rollup/rollup-win32-x64-msvc': 4.53.1
      fsevents: 2.3.3

  supports-preserve-symlinks-flag@1.0.0: {}

  tslib@2.8.1: {}

  typescript@5.9.3: {}
